
Microsoft Visual Studio Solution File, Format Version 12.00
# Visual Studio Version 16
VisualStudioVersion = 16.0.31424.327
MinimumVisualStudioVersion = 10.0.40219.1
Project("{FAE04EC0-301F-11D3-BF4B-00C04F79EFBC}") = "LoyaltyPoints", "LoyaltyPoints.csproj", "{BDE0D757-A4C7-4C98-A392-3BFA59E3E1F8}"
EndProject
Global
	GlobalSection(SolutionConfigurationPlatforms) = preSolution
		Debug|Any CPU = Debug|Any CPU
		Release|Any CPU = Release|Any CPU
	EndGlobalSection
	GlobalSection(ProjectConfigurationPlatforms) = postSolution
		{BDE0D757-A4C7-4C98-A392-3BFA59E3E1F8}.Debug|Any CPU.ActiveCfg = Debug|Any CPU
		{BDE0D757-A4C7-4C98-A392-3BFA59E3E1F8}.Debug|Any CPU.Build.0 = Debug|Any CPU
		{BDE0D757-A4C7-4C98-A392-3BFA59E3E1F8}.Release|Any CPU.ActiveCfg = Release|Any CPU
		{BDE0D757-A4C7-4C98-A392-3BFA59E3E1F8}.Release|Any CPU.Build.0 = Release|Any CPU
	EndGlobalSection
	GlobalSection(SolutionProperties) = preSolution
		HideSolutionNode = FALSE
	EndGlobalSection
	GlobalSection(ExtensibilityGlobals) = postSolution
		SolutionGuid = {1BECD517-EBEA-4996-BA12-36661A29411D}
	EndGlobalSection
EndGlobal
