
Microsoft Visual Studio Solution File, Format Version 12.00
# Visual Studio Version 16
VisualStudioVersion = 16.0.31424.327
MinimumVisualStudioVersion = 10.0.40219.1
Project("{FAE04EC0-301F-11D3-BF4B-00C04F79EFBC}") = "HealthStats", "HealthStats.csproj", "{ED0E7DEE-BFAD-4738-9D88-CFFA74D415BB}"
EndProject
Global
	GlobalSection(SolutionConfigurationPlatforms) = preSolution
		Debug|Any CPU = Debug|Any CPU
		Release|Any CPU = Release|Any CPU
	EndGlobalSection
	GlobalSection(ProjectConfigurationPlatforms) = postSolution
		{ED0E7DEE-BFAD-4738-9D88-CFFA74D415BB}.Debug|Any CPU.ActiveCfg = Debug|Any CPU
		{ED0E7DEE-BFAD-4738-9D88-CFFA74D415BB}.Debug|Any CPU.Build.0 = Debug|Any CPU
		{ED0E7DEE-BFAD-4738-9D88-CFFA74D415BB}.Release|Any CPU.ActiveCfg = Release|Any CPU
		{ED0E7DEE-BFAD-4738-9D88-CFFA74D415BB}.Release|Any CPU.Build.0 = Release|Any CPU
	EndGlobalSection
	GlobalSection(SolutionProperties) = preSolution
		HideSolutionNode = FALSE
	EndGlobalSection
	GlobalSection(ExtensibilityGlobals) = postSolution
		SolutionGuid = {6A08B8CF-9AE3-4917-A45C-5F9D2EAC8C1F}
	EndGlobalSection
EndGlobal
